{
  "lockfile_version": "1",
  "packages": {
    "bun@latest": {
      "last_modified": "2026-03-01T09:58:01Z",
      "resolved": "github:NixOS/nixpkgs/42bbf3e1e000963f4f3f37daa822c67c4d8856c4#bun",
      "source": "devbox-search",
      "version": "1.3.10",
      "systems": {
        "aarch64-darwin": {
          "outputs": [
            {
              "name": "out",
              "path": "/nix/store/7x4dmbrjq24hgpzs1g6jxi3gm207ypkd-bun-1.3.10",
              "default": true
            }
          ],
          "store_path": "/nix/store/7x4dmbrjq24hgpzs1g6jxi3gm207ypkd-bun-1.3.10"
        },
        "aarch64-linux": {
          "outputs": [
            {
              "name": "out",
              "path": "/nix/store/ffdcfkl3kpdwagswlwlff6qazxkj4cag-bun-1.3.10",
              "default": true
            }
          ],
          "store_path": "/nix/store/ffdcfkl3kpdwagswlwlff6qazxkj4cag-bun-1.3.10"
        },
        "x86_64-darwin": {
          "outputs": [
            {
              "name": "out",
              "path": "/nix/store/qkjsfzy7naprhq69rway95b0xdpbq81s-bun-1.3.10",
              "default": true
            }
          ],
          "store_path": "/nix/store/qkjsfzy7naprhq69rway95b0xdpbq81s-bun-1.3.10"
        },
        "x86_64-linux": {
          "outputs": [
            {
              "name": "out",
              "path": "/nix/store/ffgyf7g2n4gbhi1zgbcphssivfah1c4s-bun-1.3.10",
              "default": true
            }
          ],
          "store_path": "/nix/store/ffgyf7g2n4gbhi1zgbcphssivfah1c4s-bun-1.3.10"
        }
      }
    },
    "github:NixOS/nixpkgs/nixpkgs-unstable": {
      "last_modified": "2026-02-16T02:09:13Z",
      "resolved": "github:NixOS/nixpkgs/d1c15b7d5806069da59e819999d70e1cec0760bf?lastModified=1771207753&narHash=sha256-b9uG8yN50DRQ6A7JdZBfzq718ryYrlmGgqkRm9OOwCE%3D"
    },
    "glibcLocales@latest": {
      "last_modified": "2026-02-23T15:40:43Z",
      "resolved": "github:NixOS/nixpkgs/80d901ec0377e19ac3f7bb8c035201e2e098cc97#glibcLocales",
      "source": "devbox-search",
      "version": "2.42-51",
      "systems": {
        "aarch64-linux": {
          "outputs": [
            {
              "name": "out",
              "path": "/nix/store/2m0bi1my8d60caywvn71iw3gqn3qy9vc-glibc-locales-2.42-51",
              "default": true
            }
          ],
          "store_path": "/nix/store/2m0bi1my8d60caywvn71iw3gqn3qy9vc-glibc-locales-2.42-51"
        },
        "x86_64-linux": {
          "outputs": [
            {
              "name": "out",
              "path": "/nix/store/0qlmqvyckf8zyx03n00azgznnkzgi5xw-glibc-locales-2.42-51",
              "default": true
            }
          ],
          "store_path": "/nix/store/0qlmqvyckf8zyx03n00azgznnkzgi5xw-glibc-locales-2.42-51"
        }
      }
    },
    "nodejs@latest": {
      "last_modified": "2026-02-26T05:06:13Z",
      "plugin_version": "0.0.2",
      "resolved": "github:NixOS/nixpkgs/26eaeac4e409d7b5a6bf6f90a2a2dc223c78d915#nodejs_25",
      "source": "devbox-search",
      "version": "25.7.0",
      "systems": {
        "aarch64-darwin": {
          "outputs": [
            {
              "name": "out",
              "path": "/nix/store/7jwpa43ghplnyay8xinpp7cpfz2mx4r5-nodejs-25.7.0",
              "default": true
            }
          ],
          "store_path": "/nix/store/7jwpa43ghplnyay8xinpp7cpfz2mx4r5-nodejs-25.7.0"
        },
        "aarch64-linux": {
          "outputs": [
            {
              "name": "out",
              "path": "/nix/store/w1a1qfdf41h0cr92ir3nkg56wr7q7sqy-nodejs-25.7.0",
              "default": true
            }
          ],
          "store_path": "/nix/store/w1a1qfdf41h0cr92ir3nkg56wr7q7sqy-nodejs-25.7.0"
        },
        "x86_64-darwin": {
          "outputs": [
            {
              "name": "out",
              "path": "/nix/store/kyhpn0z68yf66znb5viy5a1hghaf0n2a-nodejs-25.7.0",
              "default": true
            }
          ],
          "store_path": "/nix/store/kyhpn0z68yf66znb5viy5a1hghaf0n2a-nodejs-25.7.0"
        },
        "x86_64-linux": {
          "outputs": [
            {
              "name": "out",
              "path": "/nix/store/rmrlkn4hcsfllvki855yig5vpmlk4kw1-nodejs-25.7.0",
              "default": true
            }
          ],
          "store_path": "/nix/store/rmrlkn4hcsfllvki855yig5vpmlk4kw1-nodejs-25.7.0"
        }
      }
    },
    "openssl": {
      "resolved": "github:NixOS/nixpkgs/d1c15b7d5806069da59e819999d70e1cec0760bf?narHash=sha256-b9uG8yN50DRQ6A7JdZBfzq718ryYrlmGgqkRm9OOwCE%3D#openssl",
      "source": "nixpkg"
    },
    "pkg-config": {
      "resolved": "github:NixOS/nixpkgs/d1c15b7d5806069da59e819999d70e1cec0760bf?narHash=sha256-b9uG8yN50DRQ6A7JdZBfzq718ryYrlmGgqkRm9OOwCE%3D#pkg-config",
      "source": "nixpkg"
    },
    "postgresql@latest": {
      "last_modified": "2026-03-02T19:25:24Z",
      "plugin_version": "0.0.2",
      "resolved": "github:NixOS/nixpkgs/4215e62dc2cd3bc705b0a423b9719ff6be378a43#postgresql",
      "source": "devbox-search",
      "version": "17.8",
      "systems": {
        "aarch64-darwin": {
          "outputs": [
            {
              "name": "out",
              "path": "/nix/store/rszkdlfbhmpncdpsabkyj0mlsqyj6923-postgresql-17.8",
              "default": true
            },
            {
              "name": "man",
              "path": "/nix/store/c1zbv3lahkgy3csygk7j3q96rgwjjxzs-postgresql-17.8-man",
              "default": true
            },
            {
              "name": "plpython3",
              "path": "/nix/store/ahgl3667c8xlxm66kihvz8lw463lkbmz-postgresql-17.8-plpython3"
            },
            {
              "name": "pltcl",
              "path": "/nix/store/vbg744r1ms2rapch2knzh1nsmyvn5awg-postgresql-17.8-pltcl"
            },
            {
              "name": "dev",
              "path": "/nix/store/31fqdah00n9cmfhv7ysgb2128r3iz7f6-postgresql-17.8-dev"
            },
            {
              "name": "doc",
              "path": "/nix/store/wvv14rx2w0md8dmzi41lfhlz3j279731-postgresql-17.8-doc"
            },
            {
              "name": "jit",
              "path": "/nix/store/vdnhmk6xsq7dbypgmfh2bwr1f1h8561v-postgresql-17.8-jit"
            },
            {
              "name": "lib",
              "path": "/nix/store/qwh7fylqi27xbaw0qzz1ja9vrffa8n3d-postgresql-17.8-lib"
            },
            {
              "name": "plperl",
              "path": "/nix/store/ac88lslhxr4gndgp97idfl614l040wa0-postgresql-17.8-plperl"
            }
          ],
          "store_path": "/nix/store/rszkdlfbhmpncdpsabkyj0mlsqyj6923-postgresql-17.8"
        },
        "aarch64-linux": {
          "outputs": [
            {
              "name": "out",
              "path": "/nix/store/567pz9ld5zvag4608nqcplw2kiljrwzr-postgresql-17.8",
              "default": true
            },
            {
              "name": "man",
              "path": "/nix/store/vmljx3hp0mlpgjzyy26clwrk3pqqvjv4-postgresql-17.8-man",
              "default": true
            },
            {
              "name": "plperl",
              "path": "/nix/store/0dl6175r4yxlgk85azki3ygv9kisb8fc-postgresql-17.8-plperl"
            },
            {
              "name": "pltcl",
              "path": "/nix/store/3dydj4n2240kwdib31ax4bxi5573p36g-postgresql-17.8-pltcl"
            },
            {
              "name": "debug",
              "path": "/nix/store/2bz7q6z4867nsk6fyj7wk9hfiy5sif1h-postgresql-17.8-debug"
            },
            {
              "name": "dev",
              "path": "/nix/store/xxi8i0z6qfhqv2mkzbdflx3rk078adjb-postgresql-17.8-dev"
            },
            {
              "name": "doc",
              "path": "/nix/store/bq6c5ildvznqkvns73s7z0kn6fjnfw35-postgresql-17.8-doc"
            },
            {
              "name": "plpython3",
              "path": "/nix/store/31dz0fhfabh46d8bg62djhfag1hh5qgx-postgresql-17.8-plpython3"
            },
            {
              "name": "jit",
              "path": "/nix/store/81c4g1zj0188g14rk7svv24ss70r6h9h-postgresql-17.8-jit"
            },
            {
              "name": "lib",
              "path": "/nix/store/mp80mvzjab5mc9ww6kqdmhzpys47wdkm-postgresql-17.8-lib"
            }
          ],
          "store_path": "/nix/store/567pz9ld5zvag4608nqcplw2kiljrwzr-postgresql-17.8"
        },
        "x86_64-darwin": {
          "outputs": [
            {
              "name": "out",
              "path": "/nix/store/sz66j4qd02w9krsvqzjy293xmz6xdmjq-postgresql-17.8",
              "default": true
            },
            {
              "name": "man",
              "path": "/nix/store/ghqhlagv7d28n75avdkg4pa3lf4hn4r1-postgresql-17.8-man",
              "default": true
            },
            {
              "name": "dev",
              "path": "/nix/store/xql2ly5jqsjy4n3a78kadfi2i6rv062z-postgresql-17.8-dev"
            },
            {
              "name": "doc",
              "path": "/nix/store/qj563if2aridhz4lv1591fs67vjjjic3-postgresql-17.8-doc"
            },
            {
              "name": "lib",
              "path": "/nix/store/rp7gg54i1si8659fg30ldlgkq4b7zbx1-postgresql-17.8-lib"
            },
            {
              "name": "plpython3",
              "path": "/nix/store/s0y2y3zwq29wkx0b4zi0sg0h32wrsi0g-postgresql-17.8-plpython3"
            },
            {
              "name": "pltcl",
              "path": "/nix/store/xi8dvgilicmdy81jvxzv7i35qrncpxja-postgresql-17.8-pltcl"
            },
            {
              "name": "jit",
              "path": "/nix/store/ybx3bhjr5r1xf83mxg0ncgwqz4anggk8-postgresql-17.8-jit"
            },
            {
              "name": "plperl",
              "path": "/nix/store/m36cng79j49hfafivfxvyczwqgx1nbnz-postgresql-17.8-plperl"
            }
          ],
          "store_path": "/nix/store/sz66j4qd02w9krsvqzjy293xmz6xdmjq-postgresql-17.8"
        },
        "x86_64-linux": {
          "outputs": [
            {
              "name": "out",
              "path": "/nix/store/y7dxkimrcga2y8hhyn4p11g4124ar5ly-postgresql-17.8",
              "default": true
            },
            {
              "name": "man",
              "path": "/nix/store/r5iwbrdggixf71jm7bhy0j7xsdjyd6ji-postgresql-17.8-man",
              "default": true
            },
            {
              "name": "debug",
              "path": "/nix/store/m4mz4nm4l3wcas52n8mxcp90w09sjhb2-postgresql-17.8-debug"
            },
            {
              "name": "jit",
              "path": "/nix/store/6ld351f2d533bwvqa0xi6l52r3iqwg40-postgresql-17.8-jit"
            },
            {
              "name": "plpython3",
              "path": "/nix/store/wj6ib93nm1d02wl5nv50naigypnh6k4i-postgresql-17.8-plpython3"
            },
            {
              "name": "dev",
              "path": "/nix/store/xydgaqq7mhh4mz8yl02ymbmqs06392p6-postgresql-17.8-dev"
            },
            {
              "name": "doc",
              "path": "/nix/store/85zrhzp2f9rb2kjax7p0d1r5m7pngi7f-postgresql-17.8-doc"
            },
            {
              "name": "lib",
              "path": "/nix/store/rjzzxaj940qidr3gf31kr2sankgxm1yv-postgresql-17.8-lib"
            },
            {
              "name": "plperl",
              "path": "/nix/store/6lpzdjaw8y2kqql5vg95id78an8ax8rp-postgresql-17.8-plperl"
            },
            {
              "name": "pltcl",
              "path": "/nix/store/jb3pf70fqg3i1xi01306a9w9c114ngy3-postgresql-17.8-pltcl"
            }
          ],
          "store_path": "/nix/store/y7dxkimrcga2y8hhyn4p11g4124ar5ly-postgresql-17.8"
        }
      }
    },
    "prisma-engines": {
      "resolved": "github:NixOS/nixpkgs/d1c15b7d5806069da59e819999d70e1cec0760bf?narHash=sha256-b9uG8yN50DRQ6A7JdZBfzq718ryYrlmGgqkRm9OOwCE%3D#prisma-engines",
      "source": "nixpkg"
    },
    "unzip@latest": {
      "last_modified": "2026-03-02T11:03:52Z",
      "resolved": "github:NixOS/nixpkgs/dc7513872406b53d2ff417a003895d6daffdff2f#unzip",
      "source": "devbox-search",
      "version": "6.0",
      "systems": {
        "aarch64-darwin": {
          "outputs": [
            {
              "name": "out",
              "path": "/nix/store/avv4b5gsgbh3cfl5wnwrypnm2ggdppmw-unzip-6.0",
              "default": true
            }
          ],
          "store_path": "/nix/store/avv4b5gsgbh3cfl5wnwrypnm2ggdppmw-unzip-6.0"
        },
        "aarch64-linux": {
          "outputs": [
            {
              "name": "out",
              "path": "/nix/store/zw7iisnjrgpgj8rvv9lywh63xys2j95m-unzip-6.0",
              "default": true
            }
          ],
          "store_path": "/nix/store/zw7iisnjrgpgj8rvv9lywh63xys2j95m-unzip-6.0"
        },
        "x86_64-darwin": {
          "outputs": [
            {
              "name": "out",
              "path": "/nix/store/cll6p0754g8xsx367q30zlcgi99zraqx-unzip-6.0",
              "default": true
            }
          ],
          "store_path": "/nix/store/cll6p0754g8xsx367q30zlcgi99zraqx-unzip-6.0"
        },
        "x86_64-linux": {
          "outputs": [
            {
              "name": "out",
              "path": "/nix/store/il6p2vnh5rh75cwmf770p01b0mcw0d4s-unzip-6.0",
              "default": true
            }
          ],
          "store_path": "/nix/store/il6p2vnh5rh75cwmf770p01b0mcw0d4s-unzip-6.0"
        }
      }
    }
  }
}
